# THIS IS AN AUTOGENERATED FILE. DO NOT EDIT THIS FILE DIRECTLY.
# yarn lockfile v1


react-icons@^5.0.1:
  version "5.0.1"
  resolved "https://registry.yarnpkg.com/react-icons/-/react-icons-5.0.1.tgz#1694e11bfa2a2888cab47dcc30154ce90485feee"
  integrity sha512-WqLZJ4bLzlhmsvme6iFdgO8gfZP17rfjYEJ2m9RsZjZ+cc4k1hTzknEz63YS1MeT50kVzoa1Nz36f4BEx+Wigw==
